
Microsoft Visual Studio Solution File, Format Version 12.00
# Visual Studio Version 17
VisualStudioVersion = 17.0.32014.148
MinimumVisualStudioVersion = 10.0.40219.1
Project("{9A19103F-16F7-4668-BE54-9A1E7A4F7556}") = "TelegramBot.DAL", "TelegramBot.DAL\TelegramBot.DAL.csproj", "{6251100B-1E86-4A44-8E36-DFC900636645}"
EndProject
Project("{9A19103F-16F7-4668-BE54-9A1E7A4F7556}") = "TelegramBot.Service", "TelegramBot.WebApi\TelegramBot.Service.csproj", "{24006A0C-D56F-44D3-8E5B-876E0240EDE2}"
EndProject
Project("{9A19103F-16F7-4668-BE54-9A1E7A4F7556}") = "TelegramBot.BLL", "TelegramBot.BLL\TelegramBot.BLL.csproj", "{07FF8D93-BA13-407A-8ACA-F5966E3F5DCA}"
EndProject
Project("{E53339B2-1760-4266-BCC7-CA923CBCF16C}") = "docker-compose", "docker-compose.dcproj", "{A3FFA01D-F827-4B90-AADD-ED09510F2BE4}"
EndProject
Global
	GlobalSection(SolutionConfigurationPlatforms) = preSolution
		Debug|Any CPU = Debug|Any CPU
		Release|Any CPU = Release|Any CPU
	EndGlobalSection
	GlobalSection(ProjectConfigurationPlatforms) = postSolution
		{6251100B-1E86-4A44-8E36-DFC900636645}.Debug|Any CPU.ActiveCfg = Debug|Any CPU
		{6251100B-1E86-4A44-8E36-DFC900636645}.Debug|Any CPU.Build.0 = Debug|Any CPU
		{6251100B-1E86-4A44-8E36-DFC900636645}.Release|Any CPU.ActiveCfg = Release|Any CPU
		{6251100B-1E86-4A44-8E36-DFC900636645}.Release|Any CPU.Build.0 = Release|Any CPU
		{24006A0C-D56F-44D3-8E5B-876E0240EDE2}.Debug|Any CPU.ActiveCfg = Debug|Any CPU
		{24006A0C-D56F-44D3-8E5B-876E0240EDE2}.Debug|Any CPU.Build.0 = Debug|Any CPU
		{24006A0C-D56F-44D3-8E5B-876E0240EDE2}.Release|Any CPU.ActiveCfg = Release|Any CPU
		{24006A0C-D56F-44D3-8E5B-876E0240EDE2}.Release|Any CPU.Build.0 = Release|Any CPU
		{07FF8D93-BA13-407A-8ACA-F5966E3F5DCA}.Debug|Any CPU.ActiveCfg = Debug|Any CPU
		{07FF8D93-BA13-407A-8ACA-F5966E3F5DCA}.Debug|Any CPU.Build.0 = Debug|Any CPU
		{07FF8D93-BA13-407A-8ACA-F5966E3F5DCA}.Release|Any CPU.ActiveCfg = Release|Any CPU
		{07FF8D93-BA13-407A-8ACA-F5966E3F5DCA}.Release|Any CPU.Build.0 = Release|Any CPU
		{A3FFA01D-F827-4B90-AADD-ED09510F2BE4}.Debug|Any CPU.ActiveCfg = Debug|Any CPU
		{A3FFA01D-F827-4B90-AADD-ED09510F2BE4}.Debug|Any CPU.Build.0 = Debug|Any CPU
		{A3FFA01D-F827-4B90-AADD-ED09510F2BE4}.Release|Any CPU.ActiveCfg = Release|Any CPU
		{A3FFA01D-F827-4B90-AADD-ED09510F2BE4}.Release|Any CPU.Build.0 = Release|Any CPU
	EndGlobalSection
	GlobalSection(SolutionProperties) = preSolution
		HideSolutionNode = FALSE
	EndGlobalSection
	GlobalSection(ExtensibilityGlobals) = postSolution
		SolutionGuid = {3806B05E-B873-416C-832C-EA268B1AAACA}
	EndGlobalSection
EndGlobal
